
Microsoft Visual Studio Solution File, Format Version 12.00
# Visual Studio Version 17
VisualStudioVersion = 17.14.36811.4 d17.14
MinimumVisualStudioVersion = 10.0.40219.1
Project("{FAE04EC0-301F-11D3-BF4B-00C04F79EFBC}") = "EnhancedPanel", "EnhancedPanel.csproj", "{A14FE812-2FA5-45C2-BF21-6AA510CB8BF2}"
EndProject
Project("{FAE04EC0-301F-11D3-BF4B-00C04F79EFBC}") = "EnhancedPanelApplication", "..\EnhancedPanelApplication\EnhancedPanelApplication.csproj", "{F010E75F-1AC5-49C2-A395-110DEE1DC86E}"
EndProject
Global
	GlobalSection(SolutionConfigurationPlatforms) = preSolution
		Debug|Any CPU = Debug|Any CPU
		Release|Any CPU = Release|Any CPU
	EndGlobalSection
	GlobalSection(ProjectConfigurationPlatforms) = postSolution
		{A14FE812-2FA5-45C2-BF21-6AA510CB8BF2}.Debug|Any CPU.ActiveCfg = Debug|Any CPU
		{A14FE812-2FA5-45C2-BF21-6AA510CB8BF2}.Debug|Any CPU.Build.0 = Debug|Any CPU
		{A14FE812-2FA5-45C2-BF21-6AA510CB8BF2}.Release|Any CPU.ActiveCfg = Release|Any CPU
		{A14FE812-2FA5-45C2-BF21-6AA510CB8BF2}.Release|Any CPU.Build.0 = Release|Any CPU
		{F010E75F-1AC5-49C2-A395-110DEE1DC86E}.Debug|Any CPU.ActiveCfg = Debug|Any CPU
		{F010E75F-1AC5-49C2-A395-110DEE1DC86E}.Debug|Any CPU.Build.0 = Debug|Any CPU
		{F010E75F-1AC5-49C2-A395-110DEE1DC86E}.Release|Any CPU.ActiveCfg = Release|Any CPU
		{F010E75F-1AC5-49C2-A395-110DEE1DC86E}.Release|Any CPU.Build.0 = Release|Any CPU
	EndGlobalSection
	GlobalSection(SolutionProperties) = preSolution
		HideSolutionNode = FALSE
	EndGlobalSection
	GlobalSection(ExtensibilityGlobals) = postSolution
		SolutionGuid = {180F581A-7993-4B6C-A0D9-F3921BA05995}
	EndGlobalSection
EndGlobal
